<?xml version="1.0" encoding="utf-8"?>
<Project ToolsVersion="4.0" xmlns="http://schemas.microsoft.com/developer/msbuild/2003">
  <ItemGroup>
    <Filter Include="源文件">
      <UniqueIdentifier>{4FC737F1-C7A5-4376-A066-2A32D752A2FF}</UniqueIdentifier>
      <Extensions>cpp;c;cc;cxx;def;odl;idl;hpj;bat;asm;asmx</Extensions>
    </Filter>
    <Filter Include="头文件">
      <UniqueIdentifier>{93995380-89BD-4b04-88EB-625FBE52EBFB}</UniqueIdentifier>
      <Extensions>h;hh;hpp;hxx;hm;inl;inc;xsd</Extensions>
    </Filter>
    <Filter Include="资源文件">
      <UniqueIdentifier>{67DA6AB6-F800-4c08-8B7A-83BB121AAD01}</UniqueIdentifier>
      <Extensions>rc;ico;cur;bmp;dlg;rc2;rct;bin;rgs;gif;jpg;jpeg;jpe;resx;tiff;tif;png;wav;mfcribbon-ms</Extensions>
    </Filter>
  </ItemGroup>
  <ItemGroup>
    <ClCompile Include="SocketMappingPool.cpp">
      <Filter>源文件</Filter>
    </ClCompile>
    <ClCompile Include="LayeredServiceProvider.cpp">
      <Filter>源文件</Filter>
    </ClCompile>
    <ClCompile Include="NamespaceMappingTable.cpp">
      <Filter>源文件</Filter>
    </ClCompile>
    <ClCompile Include="NamespaceServiceProvider.cpp">
      <Filter>源文件</Filter>
    </ClCompile>
    <ClCompile Include="lsp.cpp">
      <Filter>源文件</Filter>
    </ClCompile>
    <ClCompile Include="nsp.cpp">
      <Filter>源文件</Filter>
    </ClCompile>
    <ClCompile Include="dllmain.cpp">
      <Filter>源文件</Filter>
    </ClCompile>
    <ClCompile Include="Socks5ProxyFilter.cpp">
      <Filter>源文件</Filter>
    </ClCompile>
    <ClCompile Include="Debugger.cpp">
      <Filter>源文件</Filter>
    </ClCompile>
    <ClCompile Include="StringExtension.cpp">
      <Filter>源文件</Filter>
    </ClCompile>
    <ClCompile Include="Environment.cpp">
      <Filter>源文件</Filter>
    </ClCompile>
    <ClCompile Include="SocketExtension.cpp">
      <Filter>源文件</Filter>
    </ClCompile>
    <ClCompile Include="ScheduleService.cpp">
      <Filter>源文件</Filter>
    </ClCompile>
    <ClCompile Include="MMap.cpp">
      <Filter>源文件</Filter>
    </ClCompile>
    <ClCompile Include="Proxifier.cpp">
      <Filter>源文件</Filter>
    </ClCompile>
    <ClCompile Include="PaperAirplaneInteractive.cpp">
      <Filter>源文件</Filter>
    </ClCompile>
  </ItemGroup>
  <ItemGroup>
    <ClInclude Include="LayeredServiceProvider.h">
      <Filter>头文件</Filter>
    </ClInclude>
    <ClInclude Include="Debugger.h">
      <Filter>头文件</Filter>
    </ClInclude>
    <ClInclude Include="SocketExtension.h">
      <Filter>头文件</Filter>
    </ClInclude>
    <ClInclude Include="NamespaceMappingTable.h">
      <Filter>头文件</Filter>
    </ClInclude>
    <ClInclude Include="NamespaceServiceProvider.h">
      <Filter>头文件</Filter>
    </ClInclude>
    <ClInclude Include="StringExtension.h">
      <Filter>头文件</Filter>
    </ClInclude>
    <ClInclude Include="Socks5ProxyFilter.h">
      <Filter>头文件</Filter>
    </ClInclude>
    <ClInclude Include="Environment.h">
      <Filter>头文件</Filter>
    </ClInclude>
    <ClInclude Include="ScheduleService.h">
      <Filter>头文件</Filter>
    </ClInclude>
    <ClInclude Include="SocketMappingPool.h">
      <Filter>头文件</Filter>
    </ClInclude>
    <ClInclude Include="MMap.h">
      <Filter>头文件</Filter>
    </ClInclude>
    <ClInclude Include="Proxifier.h">
      <Filter>头文件</Filter>
    </ClInclude>
    <ClInclude Include="PaperAirplaneInteractive.h">
      <Filter>头文件</Filter>
    </ClInclude>
  </ItemGroup>
  <ItemGroup>
    <None Include="PaperAirplane.def">
      <Filter>源文件</Filter>
    </None>
  </ItemGroup>
</Project>